
Microsoft Visual Studio Solution File, Format Version 12.00
# Visual Studio Version 16
VisualStudioVersion = 16.0.28729.10
MinimumVisualStudioVersion = 10.0.40219.1
Project("{9A19103F-16F7-4668-BE54-9A1E7A4F7556}") = "Fluent.Architecture", "Fluent.Architecture\Fluent.Architecture.csproj", "{BFABD6C5-8AFD-4D50-9127-6CAA35CF23A4}"
EndProject
Project("{9A19103F-16F7-4668-BE54-9A1E7A4F7556}") = "Fluent.Architecture.Sample.Test", "Fluent.Architecture.Sample.Test\Fluent.Architecture.Sample.Test.csproj", "{7F240F59-97AC-4794-894E-EAA7E472C91C}"
EndProject
Project("{9A19103F-16F7-4668-BE54-9A1E7A4F7556}") = "Fluent.Architecture.Test", "Fluent.Architecture.Test\Fluent.Architecture.Test.csproj", "{AB51F7C9-E955-404F-B808-9D6C211950A6}"
EndProject
Global
	GlobalSection(SolutionConfigurationPlatforms) = preSolution
		Debug|Any CPU = Debug|Any CPU
		Release|Any CPU = Release|Any CPU
	EndGlobalSection
	GlobalSection(ProjectConfigurationPlatforms) = postSolution
		{BFABD6C5-8AFD-4D50-9127-6CAA35CF23A4}.Debug|Any CPU.ActiveCfg = Debug|Any CPU
		{BFABD6C5-8AFD-4D50-9127-6CAA35CF23A4}.Debug|Any CPU.Build.0 = Debug|Any CPU
		{BFABD6C5-8AFD-4D50-9127-6CAA35CF23A4}.Release|Any CPU.ActiveCfg = Release|Any CPU
		{BFABD6C5-8AFD-4D50-9127-6CAA35CF23A4}.Release|Any CPU.Build.0 = Release|Any CPU
		{7F240F59-97AC-4794-894E-EAA7E472C91C}.Debug|Any CPU.ActiveCfg = Debug|Any CPU
		{7F240F59-97AC-4794-894E-EAA7E472C91C}.Debug|Any CPU.Build.0 = Debug|Any CPU
		{7F240F59-97AC-4794-894E-EAA7E472C91C}.Release|Any CPU.ActiveCfg = Release|Any CPU
		{7F240F59-97AC-4794-894E-EAA7E472C91C}.Release|Any CPU.Build.0 = Release|Any CPU
		{AB51F7C9-E955-404F-B808-9D6C211950A6}.Debug|Any CPU.ActiveCfg = Debug|Any CPU
		{AB51F7C9-E955-404F-B808-9D6C211950A6}.Debug|Any CPU.Build.0 = Debug|Any CPU
		{AB51F7C9-E955-404F-B808-9D6C211950A6}.Release|Any CPU.ActiveCfg = Release|Any CPU
		{AB51F7C9-E955-404F-B808-9D6C211950A6}.Release|Any CPU.Build.0 = Release|Any CPU
	EndGlobalSection
	GlobalSection(SolutionProperties) = preSolution
		HideSolutionNode = FALSE
	EndGlobalSection
	GlobalSection(ExtensibilityGlobals) = postSolution
		SolutionGuid = {123E34D5-DA60-4929-9110-E760ECAC5050}
	EndGlobalSection
EndGlobal
