
Microsoft Visual Studio Solution File, Format Version 12.00
# Visual Studio Version 16
VisualStudioVersion = 16.0.29306.81
MinimumVisualStudioVersion = 10.0.40219.1
Project("{9A19103F-16F7-4668-BE54-9A1E7A4F7556}") = "dn32.infra.Nucleo", "Fluent.Architecture\dn32.infra.Nucleo.csproj", "{BFABD6C5-8AFD-4D50-9127-6CAA35CF23A4}"
EndProject
Project("{9A19103F-16F7-4668-BE54-9A1E7A4F7556}") = "dn32.infra.Teste", "Fluent.Architecture.Test\dn32.infra.Teste.csproj", "{AB51F7C9-E955-404F-B808-9D6C211950A6}"
EndProject
Project("{2150E333-8FDC-42A3-9474-1A3956D46DE8}") = "Test", "Test", "{3CDE6F00-CAA7-48F5-9E60-1D1A6A81667C}"
EndProject
Project("{9A19103F-16F7-4668-BE54-9A1E7A4F7556}") = "dn32.infra.EntityFramework.SqlServer", "Fluent.Architecture.EntityFramework.SqlServer\dn32.infra.EntityFramework.SqlServer.csproj", "{5354F543-E7F6-46E3-99DC-7F56D4573ACF}"
EndProject
Project("{9A19103F-16F7-4668-BE54-9A1E7A4F7556}") = "dn32.infra.EntityFramework.PostgreSQL", "Fluent.Architecture.EntityFramework.PostgreSQL\dn32.infra.EntityFramework.PostgreSQL.csproj", "{7908F454-A8C8-42A8-8949-C1B33E2B56EF}"
EndProject
Project("{9A19103F-16F7-4668-BE54-9A1E7A4F7556}") = "dn32.infra.EntityFramework", "Fluent.Architecture.EntityFramework\dn32.infra.EntityFramework.csproj", "{B79539C3-9A24-437C-A8B0-578C2FF80763}"
EndProject
Project("{9A19103F-16F7-4668-BE54-9A1E7A4F7556}") = "dn32.infra.EntityFramework.MySQL", "Fluent.Architecture.EntityFramework.MySQL\dn32.infra.EntityFramework.MySQL.csproj", "{2F970D78-25E7-4374-848D-5FE159B23983}"
EndProject
Project("{9A19103F-16F7-4668-BE54-9A1E7A4F7556}") = "dn32.infra.EntityFramework.Oracle", "Fluent.Architecture.EntityFramework.Oracle\dn32.infra.EntityFramework.Oracle.csproj", "{E0BABC2B-C759-4F1E-9109-BC52F9A9E7DF}"
EndProject
Project("{9A19103F-16F7-4668-BE54-9A1E7A4F7556}") = "dn32.infra.EntityFramework.MemoryDatabase", "Fluent.Architecture.EntityFramework.MemoryDatabase\dn32.infra.EntityFramework.MemoryDatabase.csproj", "{39C0FE33-A0C6-4276-8C04-61314F5770FC}"
EndProject
Project("{9A19103F-16F7-4668-BE54-9A1E7A4F7556}") = "dn32.infra.EntityFramework.SqLite", "Fluent.Architecture.EntityFramework.SqLite\dn32.infra.EntityFramework.SqLite.csproj", "{83544903-F9F7-4DB3-A444-3D191BBB4D10}"
EndProject
Project("{9A19103F-16F7-4668-BE54-9A1E7A4F7556}") = "dn32.infra.Doc", "Fluent.Architecture.Core.Doc\dn32.infra.Doc.csproj", "{D64F1786-68BF-47D9-8AA8-8758E75386A4}"
EndProject
Project("{2150E333-8FDC-42A3-9474-1A3956D46DE8}") = "Automatic", "Automatic", "{A8119674-A9A5-4E65-83B0-4A925629878C}"
	ProjectSection(SolutionItems) = preProject
		Build.ps1 = Build.ps1
		deploy-delete-package.cmd = deploy-delete-package.cmd
		deploy-package.cmd = deploy-package.cmd
		Directory.Build.props = Directory.Build.props
	EndProjectSection
EndProject
Project("{9A19103F-16F7-4668-BE54-9A1E7A4F7556}") = "dn32.infra.Redis", "Fluent.Architecture.Redis\dn32.infra.Redis.csproj", "{AF0642ED-8D64-40A5-871D-5BB737E2CC77}"
EndProject
Project("{2150E333-8FDC-42A3-9474-1A3956D46DE8}") = "Solution Items", "Solution Items", "{2560EFF2-132D-447B-A548-CDF6B50DBA3B}"
	ProjectSection(SolutionItems) = preProject
		Fluent.Architecture.sln.vsspell = Fluent.Architecture.sln.vsspell
	EndProjectSection
EndProject
Project("{2150E333-8FDC-42A3-9474-1A3956D46DE8}") = "01 Núcleos", "01 Núcleos", "{0EBABE71-7A0B-4253-BC8A-51E338F9EAA6}"
EndProject
Project("{2150E333-8FDC-42A3-9474-1A3956D46DE8}") = "02 BD e Doc", "02 BD e Doc", "{F1AE78C0-4894-4D1C-9A02-AB71E94306F7}"
EndProject
Project("{2150E333-8FDC-42A3-9474-1A3956D46DE8}") = "pt-br", "pt-br", "{4158C429-5F1F-4FC6-B3E0-23FB8679F639}"
EndProject
Project("{9A19103F-16F7-4668-BE54-9A1E7A4F7556}") = "Fluent.Architecture.Controller.Test", "Fluent.Architecture.Controller.Test\Fluent.Architecture.Controller.Test.csproj", "{79038E58-09B7-423A-9A72-88BA99881C49}"
EndProject
Project("{9A19103F-16F7-4668-BE54-9A1E7A4F7556}") = "dn32.infra", "..\dn32.infra\dn32.infra\dn32.infra.csproj", "{D5C1BF43-FCB2-44FB-A84D-E80697471011}"
EndProject
Project("{9A19103F-16F7-4668-BE54-9A1E7A4F7556}") = "dn32.infra.teste", "..\dn32.infra\Testes\dn32.infra.teste\dn32.infra.teste.csproj", "{2D5A2BBE-D03B-4670-B270-41E53A9A4C72}"
EndProject
Global
	GlobalSection(SolutionConfigurationPlatforms) = preSolution
		Debug|Any CPU = Debug|Any CPU
		Release|Any CPU = Release|Any CPU
	EndGlobalSection
	GlobalSection(ProjectConfigurationPlatforms) = postSolution
		{BFABD6C5-8AFD-4D50-9127-6CAA35CF23A4}.Debug|Any CPU.ActiveCfg = Debug|Any CPU
		{BFABD6C5-8AFD-4D50-9127-6CAA35CF23A4}.Debug|Any CPU.Build.0 = Debug|Any CPU
		{BFABD6C5-8AFD-4D50-9127-6CAA35CF23A4}.Release|Any CPU.ActiveCfg = Release|Any CPU
		{BFABD6C5-8AFD-4D50-9127-6CAA35CF23A4}.Release|Any CPU.Build.0 = Release|Any CPU
		{AB51F7C9-E955-404F-B808-9D6C211950A6}.Debug|Any CPU.ActiveCfg = Debug|Any CPU
		{AB51F7C9-E955-404F-B808-9D6C211950A6}.Debug|Any CPU.Build.0 = Debug|Any CPU
		{AB51F7C9-E955-404F-B808-9D6C211950A6}.Release|Any CPU.ActiveCfg = Release|Any CPU
		{AB51F7C9-E955-404F-B808-9D6C211950A6}.Release|Any CPU.Build.0 = Release|Any CPU
		{5354F543-E7F6-46E3-99DC-7F56D4573ACF}.Debug|Any CPU.ActiveCfg = Debug|Any CPU
		{5354F543-E7F6-46E3-99DC-7F56D4573ACF}.Debug|Any CPU.Build.0 = Debug|Any CPU
		{5354F543-E7F6-46E3-99DC-7F56D4573ACF}.Release|Any CPU.ActiveCfg = Release|Any CPU
		{5354F543-E7F6-46E3-99DC-7F56D4573ACF}.Release|Any CPU.Build.0 = Release|Any CPU
		{7908F454-A8C8-42A8-8949-C1B33E2B56EF}.Debug|Any CPU.ActiveCfg = Debug|Any CPU
		{7908F454-A8C8-42A8-8949-C1B33E2B56EF}.Debug|Any CPU.Build.0 = Debug|Any CPU
		{7908F454-A8C8-42A8-8949-C1B33E2B56EF}.Release|Any CPU.ActiveCfg = Release|Any CPU
		{7908F454-A8C8-42A8-8949-C1B33E2B56EF}.Release|Any CPU.Build.0 = Release|Any CPU
		{B79539C3-9A24-437C-A8B0-578C2FF80763}.Debug|Any CPU.ActiveCfg = Debug|Any CPU
		{B79539C3-9A24-437C-A8B0-578C2FF80763}.Debug|Any CPU.Build.0 = Debug|Any CPU
		{B79539C3-9A24-437C-A8B0-578C2FF80763}.Release|Any CPU.ActiveCfg = Release|Any CPU
		{B79539C3-9A24-437C-A8B0-578C2FF80763}.Release|Any CPU.Build.0 = Release|Any CPU
		{2F970D78-25E7-4374-848D-5FE159B23983}.Debug|Any CPU.ActiveCfg = Debug|Any CPU
		{2F970D78-25E7-4374-848D-5FE159B23983}.Debug|Any CPU.Build.0 = Debug|Any CPU
		{2F970D78-25E7-4374-848D-5FE159B23983}.Release|Any CPU.ActiveCfg = Release|Any CPU
		{2F970D78-25E7-4374-848D-5FE159B23983}.Release|Any CPU.Build.0 = Release|Any CPU
		{E0BABC2B-C759-4F1E-9109-BC52F9A9E7DF}.Debug|Any CPU.ActiveCfg = Debug|Any CPU
		{E0BABC2B-C759-4F1E-9109-BC52F9A9E7DF}.Debug|Any CPU.Build.0 = Debug|Any CPU
		{E0BABC2B-C759-4F1E-9109-BC52F9A9E7DF}.Release|Any CPU.ActiveCfg = Release|Any CPU
		{E0BABC2B-C759-4F1E-9109-BC52F9A9E7DF}.Release|Any CPU.Build.0 = Release|Any CPU
		{39C0FE33-A0C6-4276-8C04-61314F5770FC}.Debug|Any CPU.ActiveCfg = Debug|Any CPU
		{39C0FE33-A0C6-4276-8C04-61314F5770FC}.Debug|Any CPU.Build.0 = Debug|Any CPU
		{39C0FE33-A0C6-4276-8C04-61314F5770FC}.Release|Any CPU.ActiveCfg = Release|Any CPU
		{39C0FE33-A0C6-4276-8C04-61314F5770FC}.Release|Any CPU.Build.0 = Release|Any CPU
		{83544903-F9F7-4DB3-A444-3D191BBB4D10}.Debug|Any CPU.ActiveCfg = Debug|Any CPU
		{83544903-F9F7-4DB3-A444-3D191BBB4D10}.Debug|Any CPU.Build.0 = Debug|Any CPU
		{83544903-F9F7-4DB3-A444-3D191BBB4D10}.Release|Any CPU.ActiveCfg = Release|Any CPU
		{83544903-F9F7-4DB3-A444-3D191BBB4D10}.Release|Any CPU.Build.0 = Release|Any CPU
		{D64F1786-68BF-47D9-8AA8-8758E75386A4}.Debug|Any CPU.ActiveCfg = Debug|Any CPU
		{D64F1786-68BF-47D9-8AA8-8758E75386A4}.Debug|Any CPU.Build.0 = Debug|Any CPU
		{D64F1786-68BF-47D9-8AA8-8758E75386A4}.Release|Any CPU.ActiveCfg = Release|Any CPU
		{D64F1786-68BF-47D9-8AA8-8758E75386A4}.Release|Any CPU.Build.0 = Release|Any CPU
		{AF0642ED-8D64-40A5-871D-5BB737E2CC77}.Debug|Any CPU.ActiveCfg = Debug|Any CPU
		{AF0642ED-8D64-40A5-871D-5BB737E2CC77}.Debug|Any CPU.Build.0 = Debug|Any CPU
		{AF0642ED-8D64-40A5-871D-5BB737E2CC77}.Release|Any CPU.ActiveCfg = Release|Any CPU
		{AF0642ED-8D64-40A5-871D-5BB737E2CC77}.Release|Any CPU.Build.0 = Release|Any CPU
		{79038E58-09B7-423A-9A72-88BA99881C49}.Debug|Any CPU.ActiveCfg = Debug|Any CPU
		{79038E58-09B7-423A-9A72-88BA99881C49}.Debug|Any CPU.Build.0 = Debug|Any CPU
		{79038E58-09B7-423A-9A72-88BA99881C49}.Release|Any CPU.ActiveCfg = Release|Any CPU
		{79038E58-09B7-423A-9A72-88BA99881C49}.Release|Any CPU.Build.0 = Release|Any CPU
		{D5C1BF43-FCB2-44FB-A84D-E80697471011}.Debug|Any CPU.ActiveCfg = Debug|Any CPU
		{D5C1BF43-FCB2-44FB-A84D-E80697471011}.Debug|Any CPU.Build.0 = Debug|Any CPU
		{D5C1BF43-FCB2-44FB-A84D-E80697471011}.Release|Any CPU.ActiveCfg = Release|Any CPU
		{D5C1BF43-FCB2-44FB-A84D-E80697471011}.Release|Any CPU.Build.0 = Release|Any CPU
		{2D5A2BBE-D03B-4670-B270-41E53A9A4C72}.Debug|Any CPU.ActiveCfg = Debug|Any CPU
		{2D5A2BBE-D03B-4670-B270-41E53A9A4C72}.Debug|Any CPU.Build.0 = Debug|Any CPU
		{2D5A2BBE-D03B-4670-B270-41E53A9A4C72}.Release|Any CPU.ActiveCfg = Release|Any CPU
		{2D5A2BBE-D03B-4670-B270-41E53A9A4C72}.Release|Any CPU.Build.0 = Release|Any CPU
	EndGlobalSection
	GlobalSection(SolutionProperties) = preSolution
		HideSolutionNode = FALSE
	EndGlobalSection
	GlobalSection(NestedProjects) = preSolution
		{BFABD6C5-8AFD-4D50-9127-6CAA35CF23A4} = {0EBABE71-7A0B-4253-BC8A-51E338F9EAA6}
		{AB51F7C9-E955-404F-B808-9D6C211950A6} = {F1AE78C0-4894-4D1C-9A02-AB71E94306F7}
		{5354F543-E7F6-46E3-99DC-7F56D4573ACF} = {F1AE78C0-4894-4D1C-9A02-AB71E94306F7}
		{7908F454-A8C8-42A8-8949-C1B33E2B56EF} = {F1AE78C0-4894-4D1C-9A02-AB71E94306F7}
		{B79539C3-9A24-437C-A8B0-578C2FF80763} = {F1AE78C0-4894-4D1C-9A02-AB71E94306F7}
		{2F970D78-25E7-4374-848D-5FE159B23983} = {F1AE78C0-4894-4D1C-9A02-AB71E94306F7}
		{E0BABC2B-C759-4F1E-9109-BC52F9A9E7DF} = {F1AE78C0-4894-4D1C-9A02-AB71E94306F7}
		{39C0FE33-A0C6-4276-8C04-61314F5770FC} = {F1AE78C0-4894-4D1C-9A02-AB71E94306F7}
		{83544903-F9F7-4DB3-A444-3D191BBB4D10} = {F1AE78C0-4894-4D1C-9A02-AB71E94306F7}
		{D64F1786-68BF-47D9-8AA8-8758E75386A4} = {F1AE78C0-4894-4D1C-9A02-AB71E94306F7}
		{AF0642ED-8D64-40A5-871D-5BB737E2CC77} = {F1AE78C0-4894-4D1C-9A02-AB71E94306F7}
		{79038E58-09B7-423A-9A72-88BA99881C49} = {3CDE6F00-CAA7-48F5-9E60-1D1A6A81667C}
		{D5C1BF43-FCB2-44FB-A84D-E80697471011} = {4158C429-5F1F-4FC6-B3E0-23FB8679F639}
		{2D5A2BBE-D03B-4670-B270-41E53A9A4C72} = {4158C429-5F1F-4FC6-B3E0-23FB8679F639}
	EndGlobalSection
	GlobalSection(ExtensibilityGlobals) = postSolution
		SolutionGuid = {123E34D5-DA60-4929-9110-E760ECAC5050}
	EndGlobalSection
EndGlobal
