
Microsoft Visual Studio Solution File, Format Version 12.00
# Visual Studio Version 16
VisualStudioVersion = 16.0.29306.81
MinimumVisualStudioVersion = 10.0.40219.1
Project("{9A19103F-16F7-4668-BE54-9A1E7A4F7556}") = "Fluent.Architecture.Core", "Fluent.Architecture\Fluent.Architecture.Core.csproj", "{BFABD6C5-8AFD-4D50-9127-6CAA35CF23A4}"
EndProject
Project("{9A19103F-16F7-4668-BE54-9A1E7A4F7556}") = "Fluent.Architecture.Sample.Test", "Fluent.Architecture.Sample.Test\Fluent.Architecture.Sample.Test.csproj", "{7F240F59-97AC-4794-894E-EAA7E472C91C}"
EndProject
Project("{9A19103F-16F7-4668-BE54-9A1E7A4F7556}") = "Fluent.Architecture.Test", "Fluent.Architecture.Test\Fluent.Architecture.Test.csproj", "{AB51F7C9-E955-404F-B808-9D6C211950A6}"
EndProject
Project("{2150E333-8FDC-42A3-9474-1A3956D46DE8}") = "Test", "Test", "{3CDE6F00-CAA7-48F5-9E60-1D1A6A81667C}"
EndProject
Project("{2150E333-8FDC-42A3-9474-1A3956D46DE8}") = "Sample", "Sample", "{B8A70513-1332-4DC5-88EB-B9FB43D556AF}"
EndProject
Project("{9A19103F-16F7-4668-BE54-9A1E7A4F7556}") = "Fluent.Architecture.EntityFramework.SqlServer", "Fluent.Architecture.EntityFramework.SqlServer\Fluent.Architecture.EntityFramework.SqlServer.csproj", "{5354F543-E7F6-46E3-99DC-7F56D4573ACF}"
EndProject
Project("{9A19103F-16F7-4668-BE54-9A1E7A4F7556}") = "Fluent.Architecture.Sample.API", "Fluent.Architecture.Sample.API\Fluent.Architecture.Sample.API.csproj", "{D3B68587-57C1-4EC4-B201-79A3F746320D}"
EndProject
Project("{9A19103F-16F7-4668-BE54-9A1E7A4F7556}") = "Fluent.Architecture.EntityFramework.PostgreSQL", "Fluent.Architecture.EntityFramework.PostgreSQL\Fluent.Architecture.EntityFramework.PostgreSQL.csproj", "{7908F454-A8C8-42A8-8949-C1B33E2B56EF}"
EndProject
Project("{9A19103F-16F7-4668-BE54-9A1E7A4F7556}") = "Fluent.Architecture.EntityFramework", "Fluent.Architecture.EntityFramework\Fluent.Architecture.EntityFramework.csproj", "{B79539C3-9A24-437C-A8B0-578C2FF80763}"
EndProject
Project("{9A19103F-16F7-4668-BE54-9A1E7A4F7556}") = "Fluent.Architecture.EntityFramework.MySQL", "Fluent.Architecture.EntityFramework.MySQL\Fluent.Architecture.EntityFramework.MySQL.csproj", "{2F970D78-25E7-4374-848D-5FE159B23983}"
EndProject
Project("{9A19103F-16F7-4668-BE54-9A1E7A4F7556}") = "Fluent.Architecture.EntityFramework.Oracle", "Fluent.Architecture.EntityFramework.Oracle\Fluent.Architecture.EntityFramework.Oracle.csproj", "{E0BABC2B-C759-4F1E-9109-BC52F9A9E7DF}"
EndProject
Project("{9A19103F-16F7-4668-BE54-9A1E7A4F7556}") = "Fluent.Architecture.EntityFramework.MemoryDatabase", "Fluent.Architecture.EntityFramework.MemoryDatabase\Fluent.Architecture.EntityFramework.MemoryDatabase.csproj", "{39C0FE33-A0C6-4276-8C04-61314F5770FC}"
EndProject
Project("{9A19103F-16F7-4668-BE54-9A1E7A4F7556}") = "Fluent.Architecture.EntityFramework.SqLite", "Fluent.Architecture.EntityFramework.SqLite\Fluent.Architecture.EntityFramework.SqLite.csproj", "{83544903-F9F7-4DB3-A444-3D191BBB4D10}"
EndProject
Project("{9A19103F-16F7-4668-BE54-9A1E7A4F7556}") = "Fluent.Architecture.Controller.Test", "Fluent.Architecture.Controller.Test\Fluent.Architecture.Controller.Test.csproj", "{E5E65A3A-5BEF-4522-97E4-B84AA9707297}"
EndProject
Project("{9A19103F-16F7-4668-BE54-9A1E7A4F7556}") = "Fluent.Architecture.Core.Doc", "Fluent.Architecture.Core.Doc\Fluent.Architecture.Core.Doc.csproj", "{D64F1786-68BF-47D9-8AA8-8758E75386A4}"
EndProject
Project("{9A19103F-16F7-4668-BE54-9A1E7A4F7556}") = "Fluent.Architecture.Core.Doc.Sample", "Fluent.Architecture.Core.Doc.Sample\Fluent.Architecture.Core.Doc.Sample.csproj", "{55F7FD0C-6CEF-4F51-B644-F374F75A9899}"
EndProject
Project("{2150E333-8FDC-42A3-9474-1A3956D46DE8}") = "Public", "Public", "{DCA683DC-EB06-4A4C-9248-965C07B682DB}"
EndProject
Project("{2150E333-8FDC-42A3-9474-1A3956D46DE8}") = "Automatic", "Automatic", "{A8119674-A9A5-4E65-83B0-4A925629878C}"
	ProjectSection(SolutionItems) = preProject
		deploy-package.cmd = deploy-package.cmd
		Directory.Build.props = Directory.Build.props
	EndProjectSection
EndProject
Global
	GlobalSection(SolutionConfigurationPlatforms) = preSolution
		Debug|Any CPU = Debug|Any CPU
		Release|Any CPU = Release|Any CPU
	EndGlobalSection
	GlobalSection(ProjectConfigurationPlatforms) = postSolution
		{BFABD6C5-8AFD-4D50-9127-6CAA35CF23A4}.Debug|Any CPU.ActiveCfg = Debug|Any CPU
		{BFABD6C5-8AFD-4D50-9127-6CAA35CF23A4}.Debug|Any CPU.Build.0 = Debug|Any CPU
		{BFABD6C5-8AFD-4D50-9127-6CAA35CF23A4}.Release|Any CPU.ActiveCfg = Release|Any CPU
		{BFABD6C5-8AFD-4D50-9127-6CAA35CF23A4}.Release|Any CPU.Build.0 = Release|Any CPU
		{7F240F59-97AC-4794-894E-EAA7E472C91C}.Debug|Any CPU.ActiveCfg = Debug|Any CPU
		{7F240F59-97AC-4794-894E-EAA7E472C91C}.Debug|Any CPU.Build.0 = Debug|Any CPU
		{7F240F59-97AC-4794-894E-EAA7E472C91C}.Release|Any CPU.ActiveCfg = Release|Any CPU
		{7F240F59-97AC-4794-894E-EAA7E472C91C}.Release|Any CPU.Build.0 = Release|Any CPU
		{AB51F7C9-E955-404F-B808-9D6C211950A6}.Debug|Any CPU.ActiveCfg = Debug|Any CPU
		{AB51F7C9-E955-404F-B808-9D6C211950A6}.Debug|Any CPU.Build.0 = Debug|Any CPU
		{AB51F7C9-E955-404F-B808-9D6C211950A6}.Release|Any CPU.ActiveCfg = Release|Any CPU
		{AB51F7C9-E955-404F-B808-9D6C211950A6}.Release|Any CPU.Build.0 = Release|Any CPU
		{5354F543-E7F6-46E3-99DC-7F56D4573ACF}.Debug|Any CPU.ActiveCfg = Debug|Any CPU
		{5354F543-E7F6-46E3-99DC-7F56D4573ACF}.Debug|Any CPU.Build.0 = Debug|Any CPU
		{5354F543-E7F6-46E3-99DC-7F56D4573ACF}.Release|Any CPU.ActiveCfg = Release|Any CPU
		{5354F543-E7F6-46E3-99DC-7F56D4573ACF}.Release|Any CPU.Build.0 = Release|Any CPU
		{D3B68587-57C1-4EC4-B201-79A3F746320D}.Debug|Any CPU.ActiveCfg = Debug|Any CPU
		{D3B68587-57C1-4EC4-B201-79A3F746320D}.Debug|Any CPU.Build.0 = Debug|Any CPU
		{D3B68587-57C1-4EC4-B201-79A3F746320D}.Release|Any CPU.ActiveCfg = Release|Any CPU
		{D3B68587-57C1-4EC4-B201-79A3F746320D}.Release|Any CPU.Build.0 = Release|Any CPU
		{7908F454-A8C8-42A8-8949-C1B33E2B56EF}.Debug|Any CPU.ActiveCfg = Debug|Any CPU
		{7908F454-A8C8-42A8-8949-C1B33E2B56EF}.Debug|Any CPU.Build.0 = Debug|Any CPU
		{7908F454-A8C8-42A8-8949-C1B33E2B56EF}.Release|Any CPU.ActiveCfg = Release|Any CPU
		{7908F454-A8C8-42A8-8949-C1B33E2B56EF}.Release|Any CPU.Build.0 = Release|Any CPU
		{B79539C3-9A24-437C-A8B0-578C2FF80763}.Debug|Any CPU.ActiveCfg = Debug|Any CPU
		{B79539C3-9A24-437C-A8B0-578C2FF80763}.Debug|Any CPU.Build.0 = Debug|Any CPU
		{B79539C3-9A24-437C-A8B0-578C2FF80763}.Release|Any CPU.ActiveCfg = Release|Any CPU
		{B79539C3-9A24-437C-A8B0-578C2FF80763}.Release|Any CPU.Build.0 = Release|Any CPU
		{2F970D78-25E7-4374-848D-5FE159B23983}.Debug|Any CPU.ActiveCfg = Debug|Any CPU
		{2F970D78-25E7-4374-848D-5FE159B23983}.Debug|Any CPU.Build.0 = Debug|Any CPU
		{2F970D78-25E7-4374-848D-5FE159B23983}.Release|Any CPU.ActiveCfg = Release|Any CPU
		{2F970D78-25E7-4374-848D-5FE159B23983}.Release|Any CPU.Build.0 = Release|Any CPU
		{E0BABC2B-C759-4F1E-9109-BC52F9A9E7DF}.Debug|Any CPU.ActiveCfg = Debug|Any CPU
		{E0BABC2B-C759-4F1E-9109-BC52F9A9E7DF}.Debug|Any CPU.Build.0 = Debug|Any CPU
		{E0BABC2B-C759-4F1E-9109-BC52F9A9E7DF}.Release|Any CPU.ActiveCfg = Release|Any CPU
		{E0BABC2B-C759-4F1E-9109-BC52F9A9E7DF}.Release|Any CPU.Build.0 = Release|Any CPU
		{39C0FE33-A0C6-4276-8C04-61314F5770FC}.Debug|Any CPU.ActiveCfg = Debug|Any CPU
		{39C0FE33-A0C6-4276-8C04-61314F5770FC}.Debug|Any CPU.Build.0 = Debug|Any CPU
		{39C0FE33-A0C6-4276-8C04-61314F5770FC}.Release|Any CPU.ActiveCfg = Release|Any CPU
		{39C0FE33-A0C6-4276-8C04-61314F5770FC}.Release|Any CPU.Build.0 = Release|Any CPU
		{83544903-F9F7-4DB3-A444-3D191BBB4D10}.Debug|Any CPU.ActiveCfg = Debug|Any CPU
		{83544903-F9F7-4DB3-A444-3D191BBB4D10}.Debug|Any CPU.Build.0 = Debug|Any CPU
		{83544903-F9F7-4DB3-A444-3D191BBB4D10}.Release|Any CPU.ActiveCfg = Release|Any CPU
		{83544903-F9F7-4DB3-A444-3D191BBB4D10}.Release|Any CPU.Build.0 = Release|Any CPU
		{E5E65A3A-5BEF-4522-97E4-B84AA9707297}.Debug|Any CPU.ActiveCfg = Debug|Any CPU
		{E5E65A3A-5BEF-4522-97E4-B84AA9707297}.Debug|Any CPU.Build.0 = Debug|Any CPU
		{E5E65A3A-5BEF-4522-97E4-B84AA9707297}.Release|Any CPU.ActiveCfg = Release|Any CPU
		{E5E65A3A-5BEF-4522-97E4-B84AA9707297}.Release|Any CPU.Build.0 = Release|Any CPU
		{D64F1786-68BF-47D9-8AA8-8758E75386A4}.Debug|Any CPU.ActiveCfg = Debug|Any CPU
		{D64F1786-68BF-47D9-8AA8-8758E75386A4}.Debug|Any CPU.Build.0 = Debug|Any CPU
		{D64F1786-68BF-47D9-8AA8-8758E75386A4}.Release|Any CPU.ActiveCfg = Release|Any CPU
		{D64F1786-68BF-47D9-8AA8-8758E75386A4}.Release|Any CPU.Build.0 = Release|Any CPU
		{55F7FD0C-6CEF-4F51-B644-F374F75A9899}.Debug|Any CPU.ActiveCfg = Debug|Any CPU
		{55F7FD0C-6CEF-4F51-B644-F374F75A9899}.Debug|Any CPU.Build.0 = Debug|Any CPU
		{55F7FD0C-6CEF-4F51-B644-F374F75A9899}.Release|Any CPU.ActiveCfg = Release|Any CPU
		{55F7FD0C-6CEF-4F51-B644-F374F75A9899}.Release|Any CPU.Build.0 = Release|Any CPU
	EndGlobalSection
	GlobalSection(SolutionProperties) = preSolution
		HideSolutionNode = FALSE
	EndGlobalSection
	GlobalSection(NestedProjects) = preSolution
		{7F240F59-97AC-4794-894E-EAA7E472C91C} = {B8A70513-1332-4DC5-88EB-B9FB43D556AF}
		{AB51F7C9-E955-404F-B808-9D6C211950A6} = {3CDE6F00-CAA7-48F5-9E60-1D1A6A81667C}
		{D3B68587-57C1-4EC4-B201-79A3F746320D} = {B8A70513-1332-4DC5-88EB-B9FB43D556AF}
		{E5E65A3A-5BEF-4522-97E4-B84AA9707297} = {3CDE6F00-CAA7-48F5-9E60-1D1A6A81667C}
		{55F7FD0C-6CEF-4F51-B644-F374F75A9899} = {B8A70513-1332-4DC5-88EB-B9FB43D556AF}
	EndGlobalSection
	GlobalSection(ExtensibilityGlobals) = postSolution
		SolutionGuid = {123E34D5-DA60-4929-9110-E760ECAC5050}
	EndGlobalSection
EndGlobal
